{
  "name": "css-components",
  "version": "1.0.0",
  "lockfileVersion": 2,
  "requires": true,
  "packages": {
    "": {
      "name": "css-components",
      "version": "1.0.0",
      "license": "ISC",
      "devDependencies": {
        "bootstrap": "npm:null@*",
        "font-awesome": "^4.7.0",
        "servor": "^4.0.2"
      }
    },
    "node_modules/bootstrap": {
      "dev": true
    },
    "node_modules/font-awesome": {
      "version": "4.7.0",
      "dev": true,
      "license": "(OFL-1.1 AND MIT)",
      "engines": {
        "node": ">=0.10.3"
      }
    },
    "node_modules/servor": {
      "version": "4.0.2",
      "dev": true,
      "license": "MIT",
      "bin": {
        "servor": "cli.js"
      }
    }
  },
  "dependencies": {
    "bootstrap": {
      "dev": true
    },
    "font-awesome": {
      "version": "4.7.0",
      "dev": true
    },
    "servor": {
      "version": "4.0.2",
      "dev": true
    }
  }
}
